// !$*UTF8*$!
{
	archiveVersion = 1;
	classes = {
	};
	objectVersion = 50;
	objects = {

/* Begin PBXBuildFile section */
		7CA8304F20A0411700835E47 /* AppDelegate.swift in Sources */ = {isa = PBXBuildFile; fileRef = 7CA8304E20A0411700835E47 /* AppDelegate.swift */; };
		7CA8305420A0411700835E47 /* Main.storyboard in Resources */ = {isa = PBXBuildFile; fileRef = 7CA8305220A0411700835E47 /* Main.storyboard */; };
		7CA8305620A0411900835E47 /* Assets.xcassets in Resources */ = {isa = PBXBuildFile; fileRef = 7CA8305520A0411900835E47 /* Assets.xcassets */; };
		7CA8305920A0411900835E47 /* LaunchScreen.storyboard in Resources */ = {isa = PBXBuildFile; fileRef = 7CA8305720A0411900835E47 /* LaunchScreen.storyboard */; };
		7CA8306320A046DA00835E47 /* SnappingViewController.swift in Sources */ = {isa = PBXBuildFile; fileRef = 7CA8306220A046DA00835E47 /* SnappingViewController.swift */; };
		7CA8306520A046FF00835E47 /* SnappingFlowLayout.swift in Sources */ = {isa = PBXBuildFile; fileRef = 7CA8306420A046FF00835E47 /* SnappingFlowLayout.swift */; };
		7CA8306820A048E600835E47 /* SnappingCollectionViewCell.swift in Sources */ = {isa = PBXBuildFile; fileRef = 7CA8306720A048E600835E47 /* SnappingCollectionViewCell.swift */; };
		7CA8306C20A05B8800835E47 /* ParallaxViewController.swift in Sources */ = {isa = PBXBuildFile; fileRef = 7CA8306B20A05B8800835E47 /* ParallaxViewController.swift */; };
		7CA8306E20A05B9D00835E47 /* ParallaxFlowLayout.swift in Sources */ = {isa = PBXBuildFile; fileRef = 7CA8306D20A05B9D00835E47 /* ParallaxFlowLayout.swift */; };
		7CA8307020A0610400835E47 /* ParallaxLayoutAttributes.swift in Sources */ = {isa = PBXBuildFile; fileRef = 7CA8306F20A0610400835E47 /* ParallaxLayoutAttributes.swift */; };
		7CA8307220A068D500835E47 /* ParallaxCollectionViewCell.swift in Sources */ = {isa = PBXBuildFile; fileRef = 7CA8307120A068D500835E47 /* ParallaxCollectionViewCell.swift */; };
		7CA8307620A06E0F00835E47 /* CarouselViewController.swift in Sources */ = {isa = PBXBuildFile; fileRef = 7CA8307520A06E0F00835E47 /* CarouselViewController.swift */; };
		7CA8307820A06E2100835E47 /* CarouselLayout.swift in Sources */ = {isa = PBXBuildFile; fileRef = 7CA8307720A06E2100835E47 /* CarouselLayout.swift */; };
		7CA8307A20A06E3400835E47 /* CarouselCollectionViewCell.swift in Sources */ = {isa = PBXBuildFile; fileRef = 7CA8307920A06E3400835E47 /* CarouselCollectionViewCell.swift */; };
		7CA8307D20A089B200835E47 /* SwapViewController.swift in Sources */ = {isa = PBXBuildFile; fileRef = 7CA8307C20A089B200835E47 /* SwapViewController.swift */; };
/* End PBXBuildFile section */

/* Begin PBXFileReference section */
		7CA8304B20A0411700835E47 /* Custom Flow Layout Test.app */ = {isa = PBXFileReference; explicitFileType = wrapper.application; includeInIndex = 0; path = "Custom Flow Layout Test.app"; sourceTree = BUILT_PRODUCTS_DIR; };
		7CA8304E20A0411700835E47 /* AppDelegate.swift */ = {isa = PBXFileReference; lastKnownFileType = sourcecode.swift; path = AppDelegate.swift; sourceTree = "<group>"; };
		7CA8305320A0411700835E47 /* Base */ = {isa = PBXFileReference; lastKnownFileType = file.storyboard; name = Base; path = Base.lproj/Main.storyboard; sourceTree = "<group>"; };
		7CA8305520A0411900835E47 /* Assets.xcassets */ = {isa = PBXFileReference; lastKnownFileType = folder.assetcatalog; path = Assets.xcassets; sourceTree = "<group>"; };
		7CA8305820A0411900835E47 /* Base */ = {isa = PBXFileReference; lastKnownFileType = file.storyboard; name = Base; path = Base.lproj/LaunchScreen.storyboard; sourceTree = "<group>"; };
		7CA8305A20A0411900835E47 /* Info.plist */ = {isa = PBXFileReference; lastKnownFileType = text.plist.xml; path = Info.plist; sourceTree = "<group>"; };
		7CA8306220A046DA00835E47 /* SnappingViewController.swift */ = {isa = PBXFileReference; lastKnownFileType = sourcecode.swift; path = SnappingViewController.swift; sourceTree = "<group>"; };
		7CA8306420A046FF00835E47 /* SnappingFlowLayout.swift */ = {isa = PBXFileReference; lastKnownFileType = sourcecode.swift; path = SnappingFlowLayout.swift; sourceTree = "<group>"; };
		7CA8306720A048E600835E47 /* SnappingCollectionViewCell.swift */ = {isa = PBXFileReference; lastKnownFileType = sourcecode.swift; path = SnappingCollectionViewCell.swift; sourceTree = "<group>"; };
		7CA8306B20A05B8800835E47 /* ParallaxViewController.swift */ = {isa = PBXFileReference; lastKnownFileType = sourcecode.swift; path = ParallaxViewController.swift; sourceTree = "<group>"; };
		7CA8306D20A05B9D00835E47 /* ParallaxFlowLayout.swift */ = {isa = PBXFileReference; lastKnownFileType = sourcecode.swift; path = ParallaxFlowLayout.swift; sourceTree = "<group>"; };
		7CA8306F20A0610400835E47 /* ParallaxLayoutAttributes.swift */ = {isa = PBXFileReference; lastKnownFileType = sourcecode.swift; path = ParallaxLayoutAttributes.swift; sourceTree = "<group>"; };
		7CA8307120A068D500835E47 /* ParallaxCollectionViewCell.swift */ = {isa = PBXFileReference; lastKnownFileType = sourcecode.swift; path = ParallaxCollectionViewCell.swift; sourceTree = "<group>"; };
		7CA8307520A06E0F00835E47 /* CarouselViewController.swift */ = {isa = PBXFileReference; lastKnownFileType = sourcecode.swift; path = CarouselViewController.swift; sourceTree = "<group>"; };
		7CA8307720A06E2100835E47 /* CarouselLayout.swift */ = {isa = PBXFileReference; lastKnownFileType = sourcecode.swift; path = CarouselLayout.swift; sourceTree = "<group>"; };
		7CA8307920A06E3400835E47 /* CarouselCollectionViewCell.swift */ = {isa = PBXFileReference; lastKnownFileType = sourcecode.swift; path = CarouselCollectionViewCell.swift; sourceTree = "<group>"; };
		7CA8307C20A089B200835E47 /* SwapViewController.swift */ = {isa = PBXFileReference; lastKnownFileType = sourcecode.swift; path = SwapViewController.swift; sourceTree = "<group>"; };
/* End PBXFileReference section */

/* Begin PBXFrameworksBuildPhase section */
		7CA8304820A0411700835E47 /* Frameworks */ = {
			isa = PBXFrameworksBuildPhase;
			buildActionMask = 2147483647;
			files = (
			);
			runOnlyForDeploymentPostprocessing = 0;
		};
/* End PBXFrameworksBuildPhase section */

/* Begin PBXGroup section */
		7CA8304220A0411700835E47 = {
			isa = PBXGroup;
			children = (
				7CA8304D20A0411700835E47 /* Custom Flow Layout Test */,
				7CA8304C20A0411700835E47 /* Products */,
			);
			sourceTree = "<group>";
		};
		7CA8304C20A0411700835E47 /* Products */ = {
			isa = PBXGroup;
			children = (
				7CA8304B20A0411700835E47 /* Custom Flow Layout Test.app */,
			);
			name = Products;
			sourceTree = "<group>";
		};
		7CA8304D20A0411700835E47 /* Custom Flow Layout Test */ = {
			isa = PBXGroup;
			children = (
				7CA8304E20A0411700835E47 /* AppDelegate.swift */,
				7CA8307320A06DD600835E47 /* Modules */,
				7CA8306120A046BB00835E47 /* Resources */,
			);
			path = "Custom Flow Layout Test";
			sourceTree = "<group>";
		};
		7CA8306020A046B100835E47 /* Snapping */ = {
			isa = PBXGroup;
			children = (
				7CA8306220A046DA00835E47 /* SnappingViewController.swift */,
				7CA8306420A046FF00835E47 /* SnappingFlowLayout.swift */,
				7CA8306720A048E600835E47 /* SnappingCollectionViewCell.swift */,
			);
			path = Snapping;
			sourceTree = "<group>";
		};
		7CA8306120A046BB00835E47 /* Resources */ = {
			isa = PBXGroup;
			children = (
				7CA8305220A0411700835E47 /* Main.storyboard */,
				7CA8305520A0411900835E47 /* Assets.xcassets */,
				7CA8305720A0411900835E47 /* LaunchScreen.storyboard */,
				7CA8305A20A0411900835E47 /* Info.plist */,
			);
			path = Resources;
			sourceTree = "<group>";
		};
		7CA8306A20A05B5E00835E47 /* Parallax */ = {
			isa = PBXGroup;
			children = (
				7CA8306B20A05B8800835E47 /* ParallaxViewController.swift */,
				7CA8306D20A05B9D00835E47 /* ParallaxFlowLayout.swift */,
				7CA8306F20A0610400835E47 /* ParallaxLayoutAttributes.swift */,
				7CA8307120A068D500835E47 /* ParallaxCollectionViewCell.swift */,
			);
			path = Parallax;
			sourceTree = "<group>";
		};
		7CA8307320A06DD600835E47 /* Modules */ = {
			isa = PBXGroup;
			children = (
				7CA8306020A046B100835E47 /* Snapping */,
				7CA8307420A06DEF00835E47 /* Carousel */,
				7CA8306A20A05B5E00835E47 /* Parallax */,
				7CA8307B20A0890B00835E47 /* Swap layout */,
			);
			path = Modules;
			sourceTree = "<group>";
		};
		7CA8307420A06DEF00835E47 /* Carousel */ = {
			isa = PBXGroup;
			children = (
				7CA8307520A06E0F00835E47 /* CarouselViewController.swift */,
				7CA8307720A06E2100835E47 /* CarouselLayout.swift */,
				7CA8307920A06E3400835E47 /* CarouselCollectionViewCell.swift */,
			);
			path = Carousel;
			sourceTree = "<group>";
		};
		7CA8307B20A0890B00835E47 /* Swap layout */ = {
			isa = PBXGroup;
			children = (
				7CA8307C20A089B200835E47 /* SwapViewController.swift */,
			);
			path = "Swap layout";
			sourceTree = "<group>";
		};
/* End PBXGroup section */

/* Begin PBXNativeTarget section */
		7CA8304A20A0411700835E47 /* Custom Flow Layout Test */ = {
			isa = PBXNativeTarget;
			buildConfigurationList = 7CA8305D20A0411900835E47 /* Build configuration list for PBXNativeTarget "Custom Flow Layout Test" */;
			buildPhases = (
				7CA8304720A0411700835E47 /* Sources */,
				7CA8304820A0411700835E47 /* Frameworks */,
				7CA8304920A0411700835E47 /* Resources */,
			);
			buildRules = (
			);
			dependencies = (
			);
			name = "Custom Flow Layout Test";
			productName = "Custom Flow Layout Test";
			productReference = 7CA8304B20A0411700835E47 /* Custom Flow Layout Test.app */;
			productType = "com.apple.product-type.application";
		};
/* End PBXNativeTarget section */

/* Begin PBXProject section */
		7CA8304320A0411700835E47 /* Project object */ = {
			isa = PBXProject;
			attributes = {
				LastSwiftUpdateCheck = 0930;
				LastUpgradeCheck = 0930;
				ORGANIZATIONNAME = Kwiecien.co;
				TargetAttributes = {
					7CA8304A20A0411700835E47 = {
						CreatedOnToolsVersion = 9.3;
					};
				};
			};
			buildConfigurationList = 7CA8304620A0411700835E47 /* Build configuration list for PBXProject "Custom Flow Layout Test" */;
			compatibilityVersion = "Xcode 9.3";
			developmentRegion = en;
			hasScannedForEncodings = 0;
			knownRegions = (
				en,
				Base,
			);
			mainGroup = 7CA8304220A0411700835E47;
			productRefGroup = 7CA8304C20A0411700835E47 /* Products */;
			projectDirPath = "";
			projectRoot = "";
			targets = (
				7CA8304A20A0411700835E47 /* Custom Flow Layout Test */,
			);
		};
/* End PBXProject section */

/* Begin PBXResourcesBuildPhase section */
		7CA8304920A0411700835E47 /* Resources */ = {
			isa = PBXResourcesBuildPhase;
			buildActionMask = 2147483647;
			files = (
				7CA8305920A0411900835E47 /* LaunchScreen.storyboard in Resources */,
				7CA8305620A0411900835E47 /* Assets.xcassets in Resources */,
				7CA8305420A0411700835E47 /* Main.storyboard in Resources */,
			);
			runOnlyForDeploymentPostprocessing = 0;
		};
/* End PBXResourcesBuildPhase section */

/* Begin PBXSourcesBuildPhase section */
		7CA8304720A0411700835E47 /* Sources */ = {
			isa = PBXSourcesBuildPhase;
			buildActionMask = 2147483647;
			files = (
				7CA8306320A046DA00835E47 /* SnappingViewController.swift in Sources */,
				7CA8307D20A089B200835E47 /* SwapViewController.swift in Sources */,
				7CA8307020A0610400835E47 /* ParallaxLayoutAttributes.swift in Sources */,
				7CA8306520A046FF00835E47 /* SnappingFlowLayout.swift in Sources */,
				7CA8306C20A05B8800835E47 /* ParallaxViewController.swift in Sources */,
				7CA8306820A048E600835E47 /* SnappingCollectionViewCell.swift in Sources */,
				7CA8307A20A06E3400835E47 /* CarouselCollectionViewCell.swift in Sources */,
				7CA8307820A06E2100835E47 /* CarouselLayout.swift in Sources */,
				7CA8304F20A0411700835E47 /* AppDelegate.swift in Sources */,
				7CA8307220A068D500835E47 /* ParallaxCollectionViewCell.swift in Sources */,
				7CA8307620A06E0F00835E47 /* CarouselViewController.swift in Sources */,
				7CA8306E20A05B9D00835E47 /* ParallaxFlowLayout.swift in Sources */,
			);
			runOnlyForDeploymentPostprocessing = 0;
		};
/* End PBXSourcesBuildPhase section */

/* Begin PBXVariantGroup section */
		7CA8305220A0411700835E47 /* Main.storyboard */ = {
			isa = PBXVariantGroup;
			children = (
				7CA8305320A0411700835E47 /* Base */,
			);
			name = Main.storyboard;
			sourceTree = "<group>";
		};
		7CA8305720A0411900835E47 /* LaunchScreen.storyboard */ = {
			isa = PBXVariantGroup;
			children = (
				7CA8305820A0411900835E47 /* Base */,
			);
			name = LaunchScreen.storyboard;
			sourceTree = "<group>";
		};
/* End PBXVariantGroup section */

/* Begin XCBuildConfiguration section */
		7CA8305B20A0411900835E47 /* Debug */ = {
			isa = XCBuildConfiguration;
			buildSettings = {
				ALWAYS_SEARCH_USER_PATHS = NO;
				CLANG_ANALYZER_NONNULL = YES;
				CLANG_ANALYZER_NUMBER_OBJECT_CONVERSION = YES_AGGRESSIVE;
				CLANG_CXX_LANGUAGE_STANDARD = "gnu++14";
				CLANG_CXX_LIBRARY = "libc++";
				CLANG_ENABLE_MODULES = YES;
				CLANG_ENABLE_OBJC_ARC = YES;
				CLANG_ENABLE_OBJC_WEAK = YES;
				CLANG_WARN_BLOCK_CAPTURE_AUTORELEASING = YES;
				CLANG_WARN_BOOL_CONVERSION = YES;
				CLANG_WARN_COMMA = YES;
				CLANG_WARN_CONSTANT_CONVERSION = YES;
				CLANG_WARN_DEPRECATED_OBJC_IMPLEMENTATIONS = YES;
				CLANG_WARN_DIRECT_OBJC_ISA_USAGE = YES_ERROR;
				CLANG_WARN_DOCUMENTATION_COMMENTS = YES;
				CLANG_WARN_EMPTY_BODY = YES;
				CLANG_WARN_ENUM_CONVERSION = YES;
				CLANG_WARN_INFINITE_RECURSION = YES;
				CLANG_WARN_INT_CONVERSION = YES;
				CLANG_WARN_NON_LITERAL_NULL_CONVERSION = YES;
				CLANG_WARN_OBJC_IMPLICIT_RETAIN_SELF = YES;
				CLANG_WARN_OBJC_LITERAL_CONVERSION = YES;
				CLANG_WARN_OBJC_ROOT_CLASS = YES_ERROR;
				CLANG_WARN_RANGE_LOOP_ANALYSIS = YES;
				CLANG_WARN_STRICT_PROTOTYPES = YES;
				CLANG_WARN_SUSPICIOUS_MOVE = YES;
				CLANG_WARN_UNGUARDED_AVAILABILITY = YES_AGGRESSIVE;
				CLANG_WARN_UNREACHABLE_CODE = YES;
				CLANG_WARN__DUPLICATE_METHOD_MATCH = YES;
				CODE_SIGN_IDENTITY = "iPhone Developer";
				COPY_PHASE_STRIP = NO;
				DEBUG_INFORMATION_FORMAT = dwarf;
				ENABLE_STRICT_OBJC_MSGSEND = YES;
				ENABLE_TESTABILITY = YES;
				GCC_C_LANGUAGE_STANDARD = gnu11;
				GCC_DYNAMIC_NO_PIC = NO;
				GCC_NO_COMMON_BLOCKS = YES;
				GCC_OPTIMIZATION_LEVEL = 0;
				GCC_PREPROCESSOR_DEFINITIONS = (
					"DEBUG=1",
					"$(inherited)",
				);
				GCC_WARN_64_TO_32_BIT_CONVERSION = YES;
				GCC_WARN_ABOUT_RETURN_TYPE = YES_ERROR;
				GCC_WARN_UNDECLARED_SELECTOR = YES;
				GCC_WARN_UNINITIALIZED_AUTOS = YES_AGGRESSIVE;
				GCC_WARN_UNUSED_FUNCTION = YES;
				GCC_WARN_UNUSED_VARIABLE = YES;
				IPHONEOS_DEPLOYMENT_TARGET = 11.3;
				MTL_ENABLE_DEBUG_INFO = YES;
				ONLY_ACTIVE_ARCH = YES;
				SDKROOT = iphoneos;
				SWIFT_ACTIVE_COMPILATION_CONDITIONS = DEBUG;
				SWIFT_OPTIMIZATION_LEVEL = "-Onone";
			};
			name = Debug;
		};
		7CA8305C20A0411900835E47 /* Release */ = {
			isa = XCBuildConfiguration;
			buildSettings = {
				ALWAYS_SEARCH_USER_PATHS = NO;
				CLANG_ANALYZER_NONNULL = YES;
				CLANG_ANALYZER_NUMBER_OBJECT_CONVERSION = YES_AGGRESSIVE;
				CLANG_CXX_LANGUAGE_STANDARD = "gnu++14";
				CLANG_CXX_LIBRARY = "libc++";
				CLANG_ENABLE_MODULES = YES;
				CLANG_ENABLE_OBJC_ARC = YES;
				CLANG_ENABLE_OBJC_WEAK = YES;
				CLANG_WARN_BLOCK_CAPTURE_AUTORELEASING = YES;
				CLANG_WARN_BOOL_CONVERSION = YES;
				CLANG_WARN_COMMA = YES;
				CLANG_WARN_CONSTANT_CONVERSION = YES;
				CLANG_WARN_DEPRECATED_OBJC_IMPLEMENTATIONS = YES;
				CLANG_WARN_DIRECT_OBJC_ISA_USAGE = YES_ERROR;
				CLANG_WARN_DOCUMENTATION_COMMENTS = YES;
				CLANG_WARN_EMPTY_BODY = YES;
				CLANG_WARN_ENUM_CONVERSION = YES;
				CLANG_WARN_INFINITE_RECURSION = YES;
				CLANG_WARN_INT_CONVERSION = YES;
				CLANG_WARN_NON_LITERAL_NULL_CONVERSION = YES;
				CLANG_WARN_OBJC_IMPLICIT_RETAIN_SELF = YES;
				CLANG_WARN_OBJC_LITERAL_CONVERSION = YES;
				CLANG_WARN_OBJC_ROOT_CLASS = YES_ERROR;
				CLANG_WARN_RANGE_LOOP_ANALYSIS = YES;
				CLANG_WARN_STRICT_PROTOTYPES = YES;
				CLANG_WARN_SUSPICIOUS_MOVE = YES;
				CLANG_WARN_UNGUARDED_AVAILABILITY = YES_AGGRESSIVE;
				CLANG_WARN_UNREACHABLE_CODE = YES;
				CLANG_WARN__DUPLICATE_METHOD_MATCH = YES;
				CODE_SIGN_IDENTITY = "iPhone Developer";
				COPY_PHASE_STRIP = NO;
				DEBUG_INFORMATION_FORMAT = "dwarf-with-dsym";
				ENABLE_NS_ASSERTIONS = NO;
				ENABLE_STRICT_OBJC_MSGSEND = YES;
				GCC_C_LANGUAGE_STANDARD = gnu11;
				GCC_NO_COMMON_BLOCKS = YES;
				GCC_WARN_64_TO_32_BIT_CONVERSION = YES;
				GCC_WARN_ABOUT_RETURN_TYPE = YES_ERROR;
				GCC_WARN_UNDECLARED_SELECTOR = YES;
				GCC_WARN_UNINITIALIZED_AUTOS = YES_AGGRESSIVE;
				GCC_WARN_UNUSED_FUNCTION = YES;
				GCC_WARN_UNUSED_VARIABLE = YES;
				IPHONEOS_DEPLOYMENT_TARGET = 11.3;
				MTL_ENABLE_DEBUG_INFO = NO;
				SDKROOT = iphoneos;
				SWIFT_COMPILATION_MODE = wholemodule;
				SWIFT_OPTIMIZATION_LEVEL = "-O";
				VALIDATE_PRODUCT = YES;
			};
			name = Release;
		};
		7CA8305E20A0411900835E47 /* Debug */ = {
			isa = XCBuildConfiguration;
			buildSettings = {
				ASSETCATALOG_COMPILER_APPICON_NAME = AppIcon;
				CODE_SIGN_STYLE = Manual;
				DEVELOPMENT_TEAM = "";
				INFOPLIST_FILE = "$(SRCROOT)/Custom Flow Layout Test/Resources/Info.plist";
				LD_RUNPATH_SEARCH_PATHS = (
					"$(inherited)",
					"@executable_path/Frameworks",
				);
				PRODUCT_BUNDLE_IDENTIFIER = "co.kwiecien.Custom-Flow-Layout-Test";
				PRODUCT_NAME = "$(TARGET_NAME)";
				PROVISIONING_PROFILE_SPECIFIER = "";
				SWIFT_VERSION = 4.0;
				TARGETED_DEVICE_FAMILY = "1,2";
			};
			name = Debug;
		};
		7CA8305F20A0411900835E47 /* Release */ = {
			isa = XCBuildConfiguration;
			buildSettings = {
				ASSETCATALOG_COMPILER_APPICON_NAME = AppIcon;
				CODE_SIGN_STYLE = Manual;
				DEVELOPMENT_TEAM = "";
				INFOPLIST_FILE = "$(SRCROOT)/Custom Flow Layout Test/Resources/Info.plist";
				LD_RUNPATH_SEARCH_PATHS = (
					"$(inherited)",
					"@executable_path/Frameworks",
				);
				PRODUCT_BUNDLE_IDENTIFIER = "co.kwiecien.Custom-Flow-Layout-Test";
				PRODUCT_NAME = "$(TARGET_NAME)";
				PROVISIONING_PROFILE_SPECIFIER = "";
				SWIFT_VERSION = 4.0;
				TARGETED_DEVICE_FAMILY = "1,2";
			};
			name = Release;
		};
/* End XCBuildConfiguration section */

/* Begin XCConfigurationList section */
		7CA8304620A0411700835E47 /* Build configuration list for PBXProject "Custom Flow Layout Test" */ = {
			isa = XCConfigurationList;
			buildConfigurations = (
				7CA8305B20A0411900835E47 /* Debug */,
				7CA8305C20A0411900835E47 /* Release */,
			);
			defaultConfigurationIsVisible = 0;
			defaultConfigurationName = Release;
		};
		7CA8305D20A0411900835E47 /* Build configuration list for PBXNativeTarget "Custom Flow Layout Test" */ = {
			isa = XCConfigurationList;
			buildConfigurations = (
				7CA8305E20A0411900835E47 /* Debug */,
				7CA8305F20A0411900835E47 /* Release */,
			);
			defaultConfigurationIsVisible = 0;
			defaultConfigurationName = Release;
		};
/* End XCConfigurationList section */
	};
	rootObject = 7CA8304320A0411700835E47 /* Project object */;
}
